
Microsoft Visual Studio Solution File, Format Version 12.00
# Visual Studio Version 16
VisualStudioVersion = 16.0.29519.181
MinimumVisualStudioVersion = 10.0.40219.1
Project("{FAE04EC0-301F-11D3-BF4B-00C04F79EFBC}") = "3kalkulator", "3kalkulator\3kalkulator.csproj", "{29B71C99-92C5-42B9-9F2F-F42305F70719}"
EndProject
Global
	GlobalSection(SolutionConfigurationPlatforms) = preSolution
		Debug|Any CPU = Debug|Any CPU
		Release|Any CPU = Release|Any CPU
	EndGlobalSection
	GlobalSection(ProjectConfigurationPlatforms) = postSolution
		{29B71C99-92C5-42B9-9F2F-F42305F70719}.Debug|Any CPU.ActiveCfg = Debug|Any CPU
		{29B71C99-92C5-42B9-9F2F-F42305F70719}.Debug|Any CPU.Build.0 = Debug|Any CPU
		{29B71C99-92C5-42B9-9F2F-F42305F70719}.Release|Any CPU.ActiveCfg = Release|Any CPU
		{29B71C99-92C5-42B9-9F2F-F42305F70719}.Release|Any CPU.Build.0 = Release|Any CPU
	EndGlobalSection
	GlobalSection(SolutionProperties) = preSolution
		HideSolutionNode = FALSE
	EndGlobalSection
	GlobalSection(ExtensibilityGlobals) = postSolution
		SolutionGuid = {36A0937A-A48E-4725-BDF0-32357DF303C4}
	EndGlobalSection
EndGlobal
